// !$*UTF8*$!
{
	archiveVersion = 1;
	classes = {
	};
	objectVersion = 56;
	objects = {

/* Begin PBXBuildFile section */
		02AF5C082A8678F900A05164 /* NavigationApp.swift in Sources */ = {isa = PBXBuildFile; fileRef = 02AF5C072A8678F900A05164 /* NavigationApp.swift */; };
		02AF5C0A2A8678F900A05164 /* ContentView.swift in Sources */ = {isa = PBXBuildFile; fileRef = 02AF5C092A8678F900A05164 /* ContentView.swift */; };
		02AF5C0C2A8678FA00A05164 /* Assets.xcassets in Resources */ = {isa = PBXBuildFile; fileRef = 02AF5C0B2A8678FA00A05164 /* Assets.xcassets */; };
		02AF5C0F2A8678FA00A05164 /* Preview Assets.xcassets in Resources */ = {isa = PBXBuildFile; fileRef = 02AF5C0E2A8678FA00A05164 /* Preview Assets.xcassets */; };
		02AF5C192A8678FA00A05164 /* NavigationTests.swift in Sources */ = {isa = PBXBuildFile; fileRef = 02AF5C182A8678FA00A05164 /* NavigationTests.swift */; };
		02AF5C232A8678FA00A05164 /* NavigationUITests.swift in Sources */ = {isa = PBXBuildFile; fileRef = 02AF5C222A8678FA00A05164 /* NavigationUITests.swift */; };
		02AF5C252A8678FA00A05164 /* NavigationUITestsLaunchTests.swift in Sources */ = {isa = PBXBuildFile; fileRef = 02AF5C242A8678FA00A05164 /* NavigationUITestsLaunchTests.swift */; };
		02AF5C322A867D1100A05164 /* second view.swift in Sources */ = {isa = PBXBuildFile; fileRef = 02AF5C312A867D1100A05164 /* second view.swift */; };
		02AF5C342A86827F00A05164 /* third view.swift in Sources */ = {isa = PBXBuildFile; fileRef = 02AF5C332A86827F00A05164 /* third view.swift */; };
/* End PBXBuildFile section */

/* Begin PBXContainerItemProxy section */
		02AF5C152A8678FA00A05164 /* PBXContainerItemProxy */ = {
			isa = PBXContainerItemProxy;
			containerPortal = 02AF5BFC2A8678F900A05164 /* Project object */;
			proxyType = 1;
			remoteGlobalIDString = 02AF5C032A8678F900A05164;
			remoteInfo = Navigation;
		};
		02AF5C1F2A8678FA00A05164 /* PBXContainerItemProxy */ = {
			isa = PBXContainerItemProxy;
			containerPortal = 02AF5BFC2A8678F900A05164 /* Project object */;
			proxyType = 1;
			remoteGlobalIDString = 02AF5C032A8678F900A05164;
			remoteInfo = Navigation;
		};
/* End PBXContainerItemProxy section */

/* Begin PBXFileReference section */
		02AF5C042A8678F900A05164 /* Navigation.app */ = {isa = PBXFileReference; explicitFileType = wrapper.application; includeInIndex = 0; path = Navigation.app; sourceTree = BUILT_PRODUCTS_DIR; };
		02AF5C072A8678F900A05164 /* NavigationApp.swift */ = {isa = PBXFileReference; lastKnownFileType = sourcecode.swift; path = NavigationApp.swift; sourceTree = "<group>"; };
		02AF5C092A8678F900A05164 /* ContentView.swift */ = {isa = PBXFileReference; lastKnownFileType = sourcecode.swift; path = ContentView.swift; sourceTree = "<group>"; };
		02AF5C0B2A8678FA00A05164 /* Assets.xcassets */ = {isa = PBXFileReference; lastKnownFileType = folder.assetcatalog; path = Assets.xcassets; sourceTree = "<group>"; };
		02AF5C0E2A8678FA00A05164 /* Preview Assets.xcassets */ = {isa = PBXFileReference; lastKnownFileType = folder.assetcatalog; path = "Preview Assets.xcassets"; sourceTree = "<group>"; };
		02AF5C142A8678FA00A05164 /* NavigationTests.xctest */ = {isa = PBXFileReference; explicitFileType = wrapper.cfbundle; includeInIndex = 0; path = NavigationTests.xctest; sourceTree = BUILT_PRODUCTS_DIR; };
		02AF5C182A8678FA00A05164 /* NavigationTests.swift */ = {isa = PBXFileReference; lastKnownFileType = sourcecode.swift; path = NavigationTests.swift; sourceTree = "<group>"; };
		02AF5C1E2A8678FA00A05164 /* NavigationUITests.xctest */ = {isa = PBXFileReference; explicitFileType = wrapper.cfbundle; includeInIndex = 0; path = NavigationUITests.xctest; sourceTree = BUILT_PRODUCTS_DIR; };
		02AF5C222A8678FA00A05164 /* NavigationUITests.swift */ = {isa = PBXFileReference; lastKnownFileType = sourcecode.swift; path = NavigationUITests.swift; sourceTree = "<group>"; };
		02AF5C242A8678FA00A05164 /* NavigationUITestsLaunchTests.swift */ = {isa = PBXFileReference; lastKnownFileType = sourcecode.swift; path = NavigationUITestsLaunchTests.swift; sourceTree = "<group>"; };
		02AF5C312A867D1100A05164 /* second view.swift */ = {isa = PBXFileReference; lastKnownFileType = sourcecode.swift; path = "second view.swift"; sourceTree = "<group>"; };
		02AF5C332A86827F00A05164 /* third view.swift */ = {isa = PBXFileReference; lastKnownFileType = sourcecode.swift; path = "third view.swift"; sourceTree = "<group>"; };
/* End PBXFileReference section */

/* Begin PBXFrameworksBuildPhase section */
		02AF5C012A8678F900A05164 /* Frameworks */ = {
			isa = PBXFrameworksBuildPhase;
			buildActionMask = 2147483647;
			files = (
			);
			runOnlyForDeploymentPostprocessing = 0;
		};
		02AF5C112A8678FA00A05164 /* Frameworks */ = {
			isa = PBXFrameworksBuildPhase;
			buildActionMask = 2147483647;
			files = (
			);
			runOnlyForDeploymentPostprocessing = 0;
		};
		02AF5C1B2A8678FA00A05164 /* Frameworks */ = {
			isa = PBXFrameworksBuildPhase;
			buildActionMask = 2147483647;
			files = (
			);
			runOnlyForDeploymentPostprocessing = 0;
		};
/* End PBXFrameworksBuildPhase section */

/* Begin PBXGroup section */
		02AF5BFB2A8678F900A05164 = {
			isa = PBXGroup;
			children = (
				02AF5C332A86827F00A05164 /* third view.swift */,
				02AF5C312A867D1100A05164 /* second view.swift */,
				02AF5C062A8678F900A05164 /* Navigation */,
				02AF5C172A8678FA00A05164 /* NavigationTests */,
				02AF5C212A8678FA00A05164 /* NavigationUITests */,
				02AF5C052A8678F900A05164 /* Products */,
			);
			sourceTree = "<group>";
		};
		02AF5C052A8678F900A05164 /* Products */ = {
			isa = PBXGroup;
			children = (
				02AF5C042A8678F900A05164 /* Navigation.app */,
				02AF5C142A8678FA00A05164 /* NavigationTests.xctest */,
				02AF5C1E2A8678FA00A05164 /* NavigationUITests.xctest */,
			);
			name = Products;
			sourceTree = "<group>";
		};
		02AF5C062A8678F900A05164 /* Navigation */ = {
			isa = PBXGroup;
			children = (
				02AF5C072A8678F900A05164 /* NavigationApp.swift */,
				02AF5C092A8678F900A05164 /* ContentView.swift */,
				02AF5C0B2A8678FA00A05164 /* Assets.xcassets */,
				02AF5C0D2A8678FA00A05164 /* Preview Content */,
			);
			path = Navigation;
			sourceTree = "<group>";
		};
		02AF5C0D2A8678FA00A05164 /* Preview Content */ = {
			isa = PBXGroup;
			children = (
				02AF5C0E2A8678FA00A05164 /* Preview Assets.xcassets */,
			);
			path = "Preview Content";
			sourceTree = "<group>";
		};
		02AF5C172A8678FA00A05164 /* NavigationTests */ = {
			isa = PBXGroup;
			children = (
				02AF5C182A8678FA00A05164 /* NavigationTests.swift */,
			);
			path = NavigationTests;
			sourceTree = "<group>";
		};
		02AF5C212A8678FA00A05164 /* NavigationUITests */ = {
			isa = PBXGroup;
			children = (
				02AF5C222A8678FA00A05164 /* NavigationUITests.swift */,
				02AF5C242A8678FA00A05164 /* NavigationUITestsLaunchTests.swift */,
			);
			path = NavigationUITests;
			sourceTree = "<group>";
		};
/* End PBXGroup section */

/* Begin PBXNativeTarget section */
		02AF5C032A8678F900A05164 /* Navigation */ = {
			isa = PBXNativeTarget;
			buildConfigurationList = 02AF5C282A8678FA00A05164 /* Build configuration list for PBXNativeTarget "Navigation" */;
			buildPhases = (
				02AF5C002A8678F900A05164 /* Sources */,
				02AF5C012A8678F900A05164 /* Frameworks */,
				02AF5C022A8678F900A05164 /* Resources */,
			);
			buildRules = (
			);
			dependencies = (
			);
			name = Navigation;
			productName = Navigation;
			productReference = 02AF5C042A8678F900A05164 /* Navigation.app */;
			productType = "com.apple.product-type.application";
		};
		02AF5C132A8678FA00A05164 /* NavigationTests */ = {
			isa = PBXNativeTarget;
			buildConfigurationList = 02AF5C2B2A8678FA00A05164 /* Build configuration list for PBXNativeTarget "NavigationTests" */;
			buildPhases = (
				02AF5C102A8678FA00A05164 /* Sources */,
				02AF5C112A8678FA00A05164 /* Frameworks */,
				02AF5C122A8678FA00A05164 /* Resources */,
			);
			buildRules = (
			);
			dependencies = (
				02AF5C162A8678FA00A05164 /* PBXTargetDependency */,
			);
			name = NavigationTests;
			productName = NavigationTests;
			productReference = 02AF5C142A8678FA00A05164 /* NavigationTests.xctest */;
			productType = "com.apple.product-type.bundle.unit-test";
		};
		02AF5C1D2A8678FA00A05164 /* NavigationUITests */ = {
			isa = PBXNativeTarget;
			buildConfigurationList = 02AF5C2E2A8678FA00A05164 /* Build configuration list for PBXNativeTarget "NavigationUITests" */;
			buildPhases = (
				02AF5C1A2A8678FA00A05164 /* Sources */,
				02AF5C1B2A8678FA00A05164 /* Frameworks */,
				02AF5C1C2A8678FA00A05164 /* Resources */,
			);
			buildRules = (
			);
			dependencies = (
				02AF5C202A8678FA00A05164 /* PBXTargetDependency */,
			);
			name = NavigationUITests;
			productName = NavigationUITests;
			productReference = 02AF5C1E2A8678FA00A05164 /* NavigationUITests.xctest */;
			productType = "com.apple.product-type.bundle.ui-testing";
		};
/* End PBXNativeTarget section */

/* Begin PBXProject section */
		02AF5BFC2A8678F900A05164 /* Project object */ = {
			isa = PBXProject;
			attributes = {
				BuildIndependentTargetsInParallel = 1;
				LastSwiftUpdateCheck = 1430;
				LastUpgradeCheck = 1430;
				TargetAttributes = {
					02AF5C032A8678F900A05164 = {
						CreatedOnToolsVersion = 14.3.1;
					};
					02AF5C132A8678FA00A05164 = {
						CreatedOnToolsVersion = 14.3.1;
						TestTargetID = 02AF5C032A8678F900A05164;
					};
					02AF5C1D2A8678FA00A05164 = {
						CreatedOnToolsVersion = 14.3.1;
						TestTargetID = 02AF5C032A8678F900A05164;
					};
				};
			};
			buildConfigurationList = 02AF5BFF2A8678F900A05164 /* Build configuration list for PBXProject "Navigation" */;
			compatibilityVersion = "Xcode 14.0";
			developmentRegion = en;
			hasScannedForEncodings = 0;
			knownRegions = (
				en,
				Base,
			);
			mainGroup = 02AF5BFB2A8678F900A05164;
			productRefGroup = 02AF5C052A8678F900A05164 /* Products */;
			projectDirPath = "";
			projectRoot = "";
			targets = (
				02AF5C032A8678F900A05164 /* Navigation */,
				02AF5C132A8678FA00A05164 /* NavigationTests */,
				02AF5C1D2A8678FA00A05164 /* NavigationUITests */,
			);
		};
/* End PBXProject section */

/* Begin PBXResourcesBuildPhase section */
		02AF5C022A8678F900A05164 /* Resources */ = {
			isa = PBXResourcesBuildPhase;
			buildActionMask = 2147483647;
			files = (
				02AF5C0F2A8678FA00A05164 /* Preview Assets.xcassets in Resources */,
				02AF5C0C2A8678FA00A05164 /* Assets.xcassets in Resources */,
			);
			runOnlyForDeploymentPostprocessing = 0;
		};
		02AF5C122A8678FA00A05164 /* Resources */ = {
			isa = PBXResourcesBuildPhase;
			buildActionMask = 2147483647;
			files = (
			);
			runOnlyForDeploymentPostprocessing = 0;
		};
		02AF5C1C2A8678FA00A05164 /* Resources */ = {
			isa = PBXResourcesBuildPhase;
			buildActionMask = 2147483647;
			files = (
			);
			runOnlyForDeploymentPostprocessing = 0;
		};
/* End PBXResourcesBuildPhase section */

/* Begin PBXSourcesBuildPhase section */
		02AF5C002A8678F900A05164 /* Sources */ = {
			isa = PBXSourcesBuildPhase;
			buildActionMask = 2147483647;
			files = (
				02AF5C0A2A8678F900A05164 /* ContentView.swift in Sources */,
				02AF5C342A86827F00A05164 /* third view.swift in Sources */,
				02AF5C082A8678F900A05164 /* NavigationApp.swift in Sources */,
				02AF5C322A867D1100A05164 /* second view.swift in Sources */,
			);
			runOnlyForDeploymentPostprocessing = 0;
		};
		02AF5C102A8678FA00A05164 /* Sources */ = {
			isa = PBXSourcesBuildPhase;
			buildActionMask = 2147483647;
			files = (
				02AF5C192A8678FA00A05164 /* NavigationTests.swift in Sources */,
			);
			runOnlyForDeploymentPostprocessing = 0;
		};
		02AF5C1A2A8678FA00A05164 /* Sources */ = {
			isa = PBXSourcesBuildPhase;
			buildActionMask = 2147483647;
			files = (
				02AF5C252A8678FA00A05164 /* NavigationUITestsLaunchTests.swift in Sources */,
				02AF5C232A8678FA00A05164 /* NavigationUITests.swift in Sources */,
			);
			runOnlyForDeploymentPostprocessing = 0;
		};
/* End PBXSourcesBuildPhase section */

/* Begin PBXTargetDependency section */
		02AF5C162A8678FA00A05164 /* PBXTargetDependency */ = {
			isa = PBXTargetDependency;
			target = 02AF5C032A8678F900A05164 /* Navigation */;
			targetProxy = 02AF5C152A8678FA00A05164 /* PBXContainerItemProxy */;
		};
		02AF5C202A8678FA00A05164 /* PBXTargetDependency */ = {
			isa = PBXTargetDependency;
			target = 02AF5C032A8678F900A05164 /* Navigation */;
			targetProxy = 02AF5C1F2A8678FA00A05164 /* PBXContainerItemProxy */;
		};
/* End PBXTargetDependency section */

/* Begin XCBuildConfiguration section */
		02AF5C262A8678FA00A05164 /* Debug */ = {
			isa = XCBuildConfiguration;
			buildSettings = {
				ALWAYS_SEARCH_USER_PATHS = NO;
				CLANG_ANALYZER_NONNULL = YES;
				CLANG_ANALYZER_NUMBER_OBJECT_CONVERSION = YES_AGGRESSIVE;
				CLANG_CXX_LANGUAGE_STANDARD = "gnu++20";
				CLANG_ENABLE_MODULES = YES;
				CLANG_ENABLE_OBJC_ARC = YES;
				CLANG_ENABLE_OBJC_WEAK = YES;
				CLANG_WARN_BLOCK_CAPTURE_AUTORELEASING = YES;
				CLANG_WARN_BOOL_CONVERSION = YES;
				CLANG_WARN_COMMA = YES;
				CLANG_WARN_CONSTANT_CONVERSION = YES;
				CLANG_WARN_DEPRECATED_OBJC_IMPLEMENTATIONS = YES;
				CLANG_WARN_DIRECT_OBJC_ISA_USAGE = YES_ERROR;
				CLANG_WARN_DOCUMENTATION_COMMENTS = YES;
				CLANG_WARN_EMPTY_BODY = YES;
				CLANG_WARN_ENUM_CONVERSION = YES;
				CLANG_WARN_INFINITE_RECURSION = YES;
				CLANG_WARN_INT_CONVERSION = YES;
				CLANG_WARN_NON_LITERAL_NULL_CONVERSION = YES;
				CLANG_WARN_OBJC_IMPLICIT_RETAIN_SELF = YES;
				CLANG_WARN_OBJC_LITERAL_CONVERSION = YES;
				CLANG_WARN_OBJC_ROOT_CLASS = YES_ERROR;
				CLANG_WARN_QUOTED_INCLUDE_IN_FRAMEWORK_HEADER = YES;
				CLANG_WARN_RANGE_LOOP_ANALYSIS = YES;
				CLANG_WARN_STRICT_PROTOTYPES = YES;
				CLANG_WARN_SUSPICIOUS_MOVE = YES;
				CLANG_WARN_UNGUARDED_AVAILABILITY = YES_AGGRESSIVE;
				CLANG_WARN_UNREACHABLE_CODE = YES;
				CLANG_WARN__DUPLICATE_METHOD_MATCH = YES;
				COPY_PHASE_STRIP = NO;
				DEBUG_INFORMATION_FORMAT = dwarf;
				ENABLE_STRICT_OBJC_MSGSEND = YES;
				ENABLE_TESTABILITY = YES;
				GCC_C_LANGUAGE_STANDARD = gnu11;
				GCC_DYNAMIC_NO_PIC = NO;
				GCC_NO_COMMON_BLOCKS = YES;
				GCC_OPTIMIZATION_LEVEL = 0;
				GCC_PREPROCESSOR_DEFINITIONS = (
					"DEBUG=1",
					"$(inherited)",
				);
				GCC_WARN_64_TO_32_BIT_CONVERSION = YES;
				GCC_WARN_ABOUT_RETURN_TYPE = YES_ERROR;
				GCC_WARN_UNDECLARED_SELECTOR = YES;
				GCC_WARN_UNINITIALIZED_AUTOS = YES_AGGRESSIVE;
				GCC_WARN_UNUSED_FUNCTION = YES;
				GCC_WARN_UNUSED_VARIABLE = YES;
				IPHONEOS_DEPLOYMENT_TARGET = 16.4;
				MTL_ENABLE_DEBUG_INFO = INCLUDE_SOURCE;
				MTL_FAST_MATH = YES;
				ONLY_ACTIVE_ARCH = YES;
				SDKROOT = iphoneos;
				SWIFT_ACTIVE_COMPILATION_CONDITIONS = DEBUG;
				SWIFT_OPTIMIZATION_LEVEL = "-Onone";
			};
			name = Debug;
		};
		02AF5C272A8678FA00A05164 /* Release */ = {
			isa = XCBuildConfiguration;
			buildSettings = {
				ALWAYS_SEARCH_USER_PATHS = NO;
				CLANG_ANALYZER_NONNULL = YES;
				CLANG_ANALYZER_NUMBER_OBJECT_CONVERSION = YES_AGGRESSIVE;
				CLANG_CXX_LANGUAGE_STANDARD = "gnu++20";
				CLANG_ENABLE_MODULES = YES;
				CLANG_ENABLE_OBJC_ARC = YES;
				CLANG_ENABLE_OBJC_WEAK = YES;
				CLANG_WARN_BLOCK_CAPTURE_AUTORELEASING = YES;
				CLANG_WARN_BOOL_CONVERSION = YES;
				CLANG_WARN_COMMA = YES;
				CLANG_WARN_CONSTANT_CONVERSION = YES;
				CLANG_WARN_DEPRECATED_OBJC_IMPLEMENTATIONS = YES;
				CLANG_WARN_DIRECT_OBJC_ISA_USAGE = YES_ERROR;
				CLANG_WARN_DOCUMENTATION_COMMENTS = YES;
				CLANG_WARN_EMPTY_BODY = YES;
				CLANG_WARN_ENUM_CONVERSION = YES;
				CLANG_WARN_INFINITE_RECURSION = YES;
				CLANG_WARN_INT_CONVERSION = YES;
				CLANG_WARN_NON_LITERAL_NULL_CONVERSION = YES;
				CLANG_WARN_OBJC_IMPLICIT_RETAIN_SELF = YES;
				CLANG_WARN_OBJC_LITERAL_CONVERSION = YES;
				CLANG_WARN_OBJC_ROOT_CLASS = YES_ERROR;
				CLANG_WARN_QUOTED_INCLUDE_IN_FRAMEWORK_HEADER = YES;
				CLANG_WARN_RANGE_LOOP_ANALYSIS = YES;
				CLANG_WARN_STRICT_PROTOTYPES = YES;
				CLANG_WARN_SUSPICIOUS_MOVE = YES;
				CLANG_WARN_UNGUARDED_AVAILABILITY = YES_AGGRESSIVE;
				CLANG_WARN_UNREACHABLE_CODE = YES;
				CLANG_WARN__DUPLICATE_METHOD_MATCH = YES;
				COPY_PHASE_STRIP = NO;
				DEBUG_INFORMATION_FORMAT = "dwarf-with-dsym";
				ENABLE_NS_ASSERTIONS = NO;
				ENABLE_STRICT_OBJC_MSGSEND = YES;
				GCC_C_LANGUAGE_STANDARD = gnu11;
				GCC_NO_COMMON_BLOCKS = YES;
				GCC_WARN_64_TO_32_BIT_CONVERSION = YES;
				GCC_WARN_ABOUT_RETURN_TYPE = YES_ERROR;
				GCC_WARN_UNDECLARED_SELECTOR = YES;
				GCC_WARN_UNINITIALIZED_AUTOS = YES_AGGRESSIVE;
				GCC_WARN_UNUSED_FUNCTION = YES;
				GCC_WARN_UNUSED_VARIABLE = YES;
				IPHONEOS_DEPLOYMENT_TARGET = 16.4;
				MTL_ENABLE_DEBUG_INFO = NO;
				MTL_FAST_MATH = YES;
				SDKROOT = iphoneos;
				SWIFT_COMPILATION_MODE = wholemodule;
				SWIFT_OPTIMIZATION_LEVEL = "-O";
				VALIDATE_PRODUCT = YES;
			};
			name = Release;
		};
		02AF5C292A8678FA00A05164 /* Debug */ = {
			isa = XCBuildConfiguration;
			buildSettings = {
				ASSETCATALOG_COMPILER_APPICON_NAME = AppIcon;
				ASSETCATALOG_COMPILER_GLOBAL_ACCENT_COLOR_NAME = AccentColor;
				CODE_SIGN_STYLE = Automatic;
				CURRENT_PROJECT_VERSION = 1;
				DEVELOPMENT_ASSET_PATHS = "\"Navigation/Preview Content\"";
				ENABLE_PREVIEWS = YES;
				GENERATE_INFOPLIST_FILE = YES;
				INFOPLIST_KEY_UIApplicationSceneManifest_Generation = YES;
				INFOPLIST_KEY_UIApplicationSupportsIndirectInputEvents = YES;
				INFOPLIST_KEY_UILaunchScreen_Generation = YES;
				INFOPLIST_KEY_UISupportedInterfaceOrientations_iPad = "UIInterfaceOrientationPortrait UIInterfaceOrientationPortraitUpsideDown UIInterfaceOrientationLandscapeLeft UIInterfaceOrientationLandscapeRight";
				INFOPLIST_KEY_UISupportedInterfaceOrientations_iPhone = "UIInterfaceOrientationPortrait UIInterfaceOrientationLandscapeLeft UIInterfaceOrientationLandscapeRight";
				LD_RUNPATH_SEARCH_PATHS = (
					"$(inherited)",
					"@executable_path/Frameworks",
				);
				MARKETING_VERSION = 1.0;
				PRODUCT_BUNDLE_IDENTIFIER = KWK.Navigation;
				PRODUCT_NAME = "$(TARGET_NAME)";
				SWIFT_EMIT_LOC_STRINGS = YES;
				SWIFT_VERSION = 5.0;
				TARGETED_DEVICE_FAMILY = "1,2";
			};
			name = Debug;
		};
		02AF5C2A2A8678FA00A05164 /* Release */ = {
			isa = XCBuildConfiguration;
			buildSettings = {
				ASSETCATALOG_COMPILER_APPICON_NAME = AppIcon;
				ASSETCATALOG_COMPILER_GLOBAL_ACCENT_COLOR_NAME = AccentColor;
				CODE_SIGN_STYLE = Automatic;
				CURRENT_PROJECT_VERSION = 1;
				DEVELOPMENT_ASSET_PATHS = "\"Navigation/Preview Content\"";
				ENABLE_PREVIEWS = YES;
				GENERATE_INFOPLIST_FILE = YES;
				INFOPLIST_KEY_UIApplicationSceneManifest_Generation = YES;
				INFOPLIST_KEY_UIApplicationSupportsIndirectInputEvents = YES;
				INFOPLIST_KEY_UILaunchScreen_Generation = YES;
				INFOPLIST_KEY_UISupportedInterfaceOrientations_iPad = "UIInterfaceOrientationPortrait UIInterfaceOrientationPortraitUpsideDown UIInterfaceOrientationLandscapeLeft UIInterfaceOrientationLandscapeRight";
				INFOPLIST_KEY_UISupportedInterfaceOrientations_iPhone = "UIInterfaceOrientationPortrait UIInterfaceOrientationLandscapeLeft UIInterfaceOrientationLandscapeRight";
				LD_RUNPATH_SEARCH_PATHS = (
					"$(inherited)",
					"@executable_path/Frameworks",
				);
				MARKETING_VERSION = 1.0;
				PRODUCT_BUNDLE_IDENTIFIER = KWK.Navigation;
				PRODUCT_NAME = "$(TARGET_NAME)";
				SWIFT_EMIT_LOC_STRINGS = YES;
				SWIFT_VERSION = 5.0;
				TARGETED_DEVICE_FAMILY = "1,2";
			};
			name = Release;
		};
		02AF5C2C2A8678FA00A05164 /* Debug */ = {
			isa = XCBuildConfiguration;
			buildSettings = {
				ALWAYS_EMBED_SWIFT_STANDARD_LIBRARIES = YES;
				BUNDLE_LOADER = "$(TEST_HOST)";
				CODE_SIGN_STYLE = Automatic;
				CURRENT_PROJECT_VERSION = 1;
				GENERATE_INFOPLIST_FILE = YES;
				IPHONEOS_DEPLOYMENT_TARGET = 16.4;
				MARKETING_VERSION = 1.0;
				PRODUCT_BUNDLE_IDENTIFIER = KWK.NavigationTests;
				PRODUCT_NAME = "$(TARGET_NAME)";
				SWIFT_EMIT_LOC_STRINGS = NO;
				SWIFT_VERSION = 5.0;
				TARGETED_DEVICE_FAMILY = "1,2";
				TEST_HOST = "$(BUILT_PRODUCTS_DIR)/Navigation.app/$(BUNDLE_EXECUTABLE_FOLDER_PATH)/Navigation";
			};
			name = Debug;
		};
		02AF5C2D2A8678FA00A05164 /* Release */ = {
			isa = XCBuildConfiguration;
			buildSettings = {
				ALWAYS_EMBED_SWIFT_STANDARD_LIBRARIES = YES;
				BUNDLE_LOADER = "$(TEST_HOST)";
				CODE_SIGN_STYLE = Automatic;
				CURRENT_PROJECT_VERSION = 1;
				GENERATE_INFOPLIST_FILE = YES;
				IPHONEOS_DEPLOYMENT_TARGET = 16.4;
				MARKETING_VERSION = 1.0;
				PRODUCT_BUNDLE_IDENTIFIER = KWK.NavigationTests;
				PRODUCT_NAME = "$(TARGET_NAME)";
				SWIFT_EMIT_LOC_STRINGS = NO;
				SWIFT_VERSION = 5.0;
				TARGETED_DEVICE_FAMILY = "1,2";
				TEST_HOST = "$(BUILT_PRODUCTS_DIR)/Navigation.app/$(BUNDLE_EXECUTABLE_FOLDER_PATH)/Navigation";
			};
			name = Release;
		};
		02AF5C2F2A8678FA00A05164 /* Debug */ = {
			isa = XCBuildConfiguration;
			buildSettings = {
				ALWAYS_EMBED_SWIFT_STANDARD_LIBRARIES = YES;
				CODE_SIGN_STYLE = Automatic;
				CURRENT_PROJECT_VERSION = 1;
				GENERATE_INFOPLIST_FILE = YES;
				MARKETING_VERSION = 1.0;
				PRODUCT_BUNDLE_IDENTIFIER = KWK.NavigationUITests;
				PRODUCT_NAME = "$(TARGET_NAME)";
				SWIFT_EMIT_LOC_STRINGS = NO;
				SWIFT_VERSION = 5.0;
				TARGETED_DEVICE_FAMILY = "1,2";
				TEST_TARGET_NAME = Navigation;
			};
			name = Debug;
		};
		02AF5C302A8678FA00A05164 /* Release */ = {
			isa = XCBuildConfiguration;
			buildSettings = {
				ALWAYS_EMBED_SWIFT_STANDARD_LIBRARIES = YES;
				CODE_SIGN_STYLE = Automatic;
				CURRENT_PROJECT_VERSION = 1;
				GENERATE_INFOPLIST_FILE = YES;
				MARKETING_VERSION = 1.0;
				PRODUCT_BUNDLE_IDENTIFIER = KWK.NavigationUITests;
				PRODUCT_NAME = "$(TARGET_NAME)";
				SWIFT_EMIT_LOC_STRINGS = NO;
				SWIFT_VERSION = 5.0;
				TARGETED_DEVICE_FAMILY = "1,2";
				TEST_TARGET_NAME = Navigation;
			};
			name = Release;
		};
/* End XCBuildConfiguration section */

/* Begin XCConfigurationList section */
		02AF5BFF2A8678F900A05164 /* Build configuration list for PBXProject "Navigation" */ = {
			isa = XCConfigurationList;
			buildConfigurations = (
				02AF5C262A8678FA00A05164 /* Debug */,
				02AF5C272A8678FA00A05164 /* Release */,
			);
			defaultConfigurationIsVisible = 0;
			defaultConfigurationName = Release;
		};
		02AF5C282A8678FA00A05164 /* Build configuration list for PBXNativeTarget "Navigation" */ = {
			isa = XCConfigurationList;
			buildConfigurations = (
				02AF5C292A8678FA00A05164 /* Debug */,
				02AF5C2A2A8678FA00A05164 /* Release */,
			);
			defaultConfigurationIsVisible = 0;
			defaultConfigurationName = Release;
		};
		02AF5C2B2A8678FA00A05164 /* Build configuration list for PBXNativeTarget "NavigationTests" */ = {
			isa = XCConfigurationList;
			buildConfigurations = (
				02AF5C2C2A8678FA00A05164 /* Debug */,
				02AF5C2D2A8678FA00A05164 /* Release */,
			);
			defaultConfigurationIsVisible = 0;
			defaultConfigurationName = Release;
		};
		02AF5C2E2A8678FA00A05164 /* Build configuration list for PBXNativeTarget "NavigationUITests" */ = {
			isa = XCConfigurationList;
			buildConfigurations = (
				02AF5C2F2A8678FA00A05164 /* Debug */,
				02AF5C302A8678FA00A05164 /* Release */,
			);
			defaultConfigurationIsVisible = 0;
			defaultConfigurationName = Release;
		};
/* End XCConfigurationList section */
	};
	rootObject = 02AF5BFC2A8678F900A05164 /* Project object */;
}
